
Microsoft Visual Studio Solution File, Format Version 12.00
# Visual Studio Version 17
VisualStudioVersion = 17.8.34330.188
MinimumVisualStudioVersion = 10.0.40219.1
Project("{FAE04EC0-301F-11D3-BF4B-00C04F79EFBC}") = "jwtoken", "jwtoken.csproj", "{098F33C3-A319-41E3-917B-9E1C4200D0E5}"
EndProject
Global
	GlobalSection(SolutionConfigurationPlatforms) = preSolution
		Debug|Any CPU = Debug|Any CPU
		Release|Any CPU = Release|Any CPU
	EndGlobalSection
	GlobalSection(ProjectConfigurationPlatforms) = postSolution
		{098F33C3-A319-41E3-917B-9E1C4200D0E5}.Debug|Any CPU.ActiveCfg = Debug|Any CPU
		{098F33C3-A319-41E3-917B-9E1C4200D0E5}.Debug|Any CPU.Build.0 = Debug|Any CPU
		{098F33C3-A319-41E3-917B-9E1C4200D0E5}.Release|Any CPU.ActiveCfg = Release|Any CPU
		{098F33C3-A319-41E3-917B-9E1C4200D0E5}.Release|Any CPU.Build.0 = Release|Any CPU
	EndGlobalSection
	GlobalSection(SolutionProperties) = preSolution
		HideSolutionNode = FALSE
	EndGlobalSection
	GlobalSection(ExtensibilityGlobals) = postSolution
		SolutionGuid = {583D69AC-058B-4577-B2B7-FA2E2321BA94}
	EndGlobalSection
EndGlobal
